
Microsoft Visual Studio Solution File, Format Version 12.00
# Visual Studio Version 16
VisualStudioVersion = 16.0.29926.136
MinimumVisualStudioVersion = 10.0.40219.1
Project("{9A19103F-16F7-4668-BE54-9A1E7A4F7556}") = "Nadir", "Nadir\Nadir.csproj", "{829E6321-1055-451D-81FB-CA6E0285B5D2}"
EndProject
Project("{E53339B2-1760-4266-BCC7-CA923CBCF16C}") = "docker-compose", "Nadir.DockerComposer\docker-compose.dcproj", "{E1B0D286-9E00-43DD-8EFD-5ECF00652640}"
EndProject
Project("{9A19103F-16F7-4668-BE54-9A1E7A4F7556}") = "MuzicStore", "MuzicStore\MuzicStore.csproj", "{2B7B0A90-504C-418F-B7E1-D1067BE76189}"
EndProject
Project("{9A19103F-16F7-4668-BE54-9A1E7A4F7556}") = "MuzicStore.Tester", "MuzicStore.Tester\MuzicStore.Tester.csproj", "{C67EC3DB-5549-4527-B571-D3DEBA2279EA}"
EndProject
Project("{9A19103F-16F7-4668-BE54-9A1E7A4F7556}") = "Nadir.RabbitMQ", "Nadir.RabbitMQ\Nadir.RabbitMQ.csproj", "{CFF74869-A57C-4E1E-A840-8CA3A413DA0A}"
EndProject
Project("{9A19103F-16F7-4668-BE54-9A1E7A4F7556}") = "Nadir.EventStore", "Nadir.EventStore\Nadir.EventStore.csproj", "{E9A7529E-C999-4B32-B15F-85512F011026}"
EndProject
Project("{9A19103F-16F7-4668-BE54-9A1E7A4F7556}") = "MuzicStore.Infrastructure", "MuzicStore.Infrastructure\MuzicStore.Infrastructure.csproj", "{5668CF85-D8C0-4957-B0E7-F2DBB0A29F76}"
EndProject
Project("{2150E333-8FDC-42A3-9474-1A3956D46DE8}") = "Framework", "Framework", "{DA82EA3C-79EB-4078-82B8-F7CA3DCAA39B}"
EndProject
Project("{2150E333-8FDC-42A3-9474-1A3956D46DE8}") = "Test", "Test", "{4239E6F8-54D4-4145-8B2E-C83AB50C1D0A}"
EndProject
Global
	GlobalSection(SolutionConfigurationPlatforms) = preSolution
		Debug|Any CPU = Debug|Any CPU
		Release|Any CPU = Release|Any CPU
	EndGlobalSection
	GlobalSection(ProjectConfigurationPlatforms) = postSolution
		{829E6321-1055-451D-81FB-CA6E0285B5D2}.Debug|Any CPU.ActiveCfg = Debug|Any CPU
		{829E6321-1055-451D-81FB-CA6E0285B5D2}.Debug|Any CPU.Build.0 = Debug|Any CPU
		{829E6321-1055-451D-81FB-CA6E0285B5D2}.Release|Any CPU.ActiveCfg = Release|Any CPU
		{829E6321-1055-451D-81FB-CA6E0285B5D2}.Release|Any CPU.Build.0 = Release|Any CPU
		{E1B0D286-9E00-43DD-8EFD-5ECF00652640}.Debug|Any CPU.ActiveCfg = Debug|Any CPU
		{E1B0D286-9E00-43DD-8EFD-5ECF00652640}.Debug|Any CPU.Build.0 = Debug|Any CPU
		{E1B0D286-9E00-43DD-8EFD-5ECF00652640}.Release|Any CPU.ActiveCfg = Release|Any CPU
		{E1B0D286-9E00-43DD-8EFD-5ECF00652640}.Release|Any CPU.Build.0 = Release|Any CPU
		{2B7B0A90-504C-418F-B7E1-D1067BE76189}.Debug|Any CPU.ActiveCfg = Debug|Any CPU
		{2B7B0A90-504C-418F-B7E1-D1067BE76189}.Debug|Any CPU.Build.0 = Debug|Any CPU
		{2B7B0A90-504C-418F-B7E1-D1067BE76189}.Release|Any CPU.ActiveCfg = Release|Any CPU
		{2B7B0A90-504C-418F-B7E1-D1067BE76189}.Release|Any CPU.Build.0 = Release|Any CPU
		{C67EC3DB-5549-4527-B571-D3DEBA2279EA}.Debug|Any CPU.ActiveCfg = Debug|Any CPU
		{C67EC3DB-5549-4527-B571-D3DEBA2279EA}.Debug|Any CPU.Build.0 = Debug|Any CPU
		{C67EC3DB-5549-4527-B571-D3DEBA2279EA}.Release|Any CPU.ActiveCfg = Release|Any CPU
		{C67EC3DB-5549-4527-B571-D3DEBA2279EA}.Release|Any CPU.Build.0 = Release|Any CPU
		{CFF74869-A57C-4E1E-A840-8CA3A413DA0A}.Debug|Any CPU.ActiveCfg = Debug|Any CPU
		{CFF74869-A57C-4E1E-A840-8CA3A413DA0A}.Debug|Any CPU.Build.0 = Debug|Any CPU
		{CFF74869-A57C-4E1E-A840-8CA3A413DA0A}.Release|Any CPU.ActiveCfg = Release|Any CPU
		{CFF74869-A57C-4E1E-A840-8CA3A413DA0A}.Release|Any CPU.Build.0 = Release|Any CPU
		{E9A7529E-C999-4B32-B15F-85512F011026}.Debug|Any CPU.ActiveCfg = Debug|Any CPU
		{E9A7529E-C999-4B32-B15F-85512F011026}.Debug|Any CPU.Build.0 = Debug|Any CPU
		{E9A7529E-C999-4B32-B15F-85512F011026}.Release|Any CPU.ActiveCfg = Release|Any CPU
		{E9A7529E-C999-4B32-B15F-85512F011026}.Release|Any CPU.Build.0 = Release|Any CPU
		{5668CF85-D8C0-4957-B0E7-F2DBB0A29F76}.Debug|Any CPU.ActiveCfg = Debug|Any CPU
		{5668CF85-D8C0-4957-B0E7-F2DBB0A29F76}.Debug|Any CPU.Build.0 = Debug|Any CPU
		{5668CF85-D8C0-4957-B0E7-F2DBB0A29F76}.Release|Any CPU.ActiveCfg = Release|Any CPU
		{5668CF85-D8C0-4957-B0E7-F2DBB0A29F76}.Release|Any CPU.Build.0 = Release|Any CPU
	EndGlobalSection
	GlobalSection(SolutionProperties) = preSolution
		HideSolutionNode = FALSE
	EndGlobalSection
	GlobalSection(NestedProjects) = preSolution
		{829E6321-1055-451D-81FB-CA6E0285B5D2} = {DA82EA3C-79EB-4078-82B8-F7CA3DCAA39B}
		{E1B0D286-9E00-43DD-8EFD-5ECF00652640} = {4239E6F8-54D4-4145-8B2E-C83AB50C1D0A}
		{2B7B0A90-504C-418F-B7E1-D1067BE76189} = {4239E6F8-54D4-4145-8B2E-C83AB50C1D0A}
		{C67EC3DB-5549-4527-B571-D3DEBA2279EA} = {4239E6F8-54D4-4145-8B2E-C83AB50C1D0A}
		{CFF74869-A57C-4E1E-A840-8CA3A413DA0A} = {DA82EA3C-79EB-4078-82B8-F7CA3DCAA39B}
		{E9A7529E-C999-4B32-B15F-85512F011026} = {DA82EA3C-79EB-4078-82B8-F7CA3DCAA39B}
		{5668CF85-D8C0-4957-B0E7-F2DBB0A29F76} = {4239E6F8-54D4-4145-8B2E-C83AB50C1D0A}
	EndGlobalSection
	GlobalSection(ExtensibilityGlobals) = postSolution
		SolutionGuid = {3D1F8141-AD80-4EB3-BDF3-40EAFADEC5BE}
	EndGlobalSection
EndGlobal
